
Microsoft Visual Studio Solution File, Format Version 12.00
# Visual Studio 14
VisualStudioVersion = 14.0.25420.1
MinimumVisualStudioVersion = 10.0.40219.1
Project("{FAE04EC0-301F-11D3-BF4B-00C04F79EFBC}") = "SDK", "SDK\SDK.csproj", "{ED364437-6EAE-4AC0-B38A-F26286FCE3B7}"
EndProject
Project("{FAE04EC0-301F-11D3-BF4B-00C04F79EFBC}") = "ConsoleUi", "ConsoleUi\ConsoleUi.csproj", "{D571DCF4-7273-45F6-A937-7FDD393CFA4B}"
EndProject
Project("{FAE04EC0-301F-11D3-BF4B-00C04F79EFBC}") = "SampleFileGenerator", "SampleFileGenerator\SampleFileGenerator.csproj", "{1590CB70-469A-4102-AD65-10FDEE05DE71}"
EndProject
Project("{2150E333-8FDC-42A3-9474-1A3956D46DE8}") = "Games", "Games", "{4530124C-8A15-4153-AC83-7FEC28A2A5E0}"
EndProject
Project("{2150E333-8FDC-42A3-9474-1A3956D46DE8}") = "SmallTown", "SmallTown", "{53A94F3B-EECF-4237-BDE4-D6BF31ABF53F}"
	ProjectSection(SolutionItems) = preProject
		..\..\Games\SmallTown\game.xml = ..\..\Games\SmallTown\game.xml
		..\..\Games\SmallTown\title.xml = ..\..\Games\SmallTown\title.xml
	EndProjectSection
EndProject
Global
	GlobalSection(SolutionConfigurationPlatforms) = preSolution
		Debug|Any CPU = Debug|Any CPU
		Release|Any CPU = Release|Any CPU
	EndGlobalSection
	GlobalSection(ProjectConfigurationPlatforms) = postSolution
		{ED364437-6EAE-4AC0-B38A-F26286FCE3B7}.Debug|Any CPU.ActiveCfg = Debug|Any CPU
		{ED364437-6EAE-4AC0-B38A-F26286FCE3B7}.Debug|Any CPU.Build.0 = Debug|Any CPU
		{ED364437-6EAE-4AC0-B38A-F26286FCE3B7}.Release|Any CPU.ActiveCfg = Release|Any CPU
		{ED364437-6EAE-4AC0-B38A-F26286FCE3B7}.Release|Any CPU.Build.0 = Release|Any CPU
		{D571DCF4-7273-45F6-A937-7FDD393CFA4B}.Debug|Any CPU.ActiveCfg = Debug|Any CPU
		{D571DCF4-7273-45F6-A937-7FDD393CFA4B}.Debug|Any CPU.Build.0 = Debug|Any CPU
		{D571DCF4-7273-45F6-A937-7FDD393CFA4B}.Release|Any CPU.ActiveCfg = Release|Any CPU
		{D571DCF4-7273-45F6-A937-7FDD393CFA4B}.Release|Any CPU.Build.0 = Release|Any CPU
		{1590CB70-469A-4102-AD65-10FDEE05DE71}.Debug|Any CPU.ActiveCfg = Debug|Any CPU
		{1590CB70-469A-4102-AD65-10FDEE05DE71}.Debug|Any CPU.Build.0 = Debug|Any CPU
		{1590CB70-469A-4102-AD65-10FDEE05DE71}.Release|Any CPU.ActiveCfg = Release|Any CPU
		{1590CB70-469A-4102-AD65-10FDEE05DE71}.Release|Any CPU.Build.0 = Release|Any CPU
	EndGlobalSection
	GlobalSection(SolutionProperties) = preSolution
		HideSolutionNode = FALSE
	EndGlobalSection
	GlobalSection(NestedProjects) = preSolution
		{53A94F3B-EECF-4237-BDE4-D6BF31ABF53F} = {4530124C-8A15-4153-AC83-7FEC28A2A5E0}
	EndGlobalSection
EndGlobal
